
Microsoft Visual Studio Solution File, Format Version 12.00
# Visual Studio 14
VisualStudioVersion = 14.0.24720.0
MinimumVisualStudioVersion = 10.0.40219.1
Project("{FAE04EC0-301F-11D3-BF4B-00C04F79EFBC}") = "ASPApp_Blog", "ASPApp_Blog\ASPApp_Blog.csproj", "{DB0E2017-BEBC-4C26-AD51-1D5F46A6CC2C}"
EndProject
Project("{FAE04EC0-301F-11D3-BF4B-00C04F79EFBC}") = "ConsoleApplication1", "ConsoleApplication1\ConsoleApplication1.csproj", "{59A1FAD8-8EFB-42DB-A741-57F633E25182}"
EndProject
Global
	GlobalSection(SolutionConfigurationPlatforms) = preSolution
		Debug|Any CPU = Debug|Any CPU
		Release|Any CPU = Release|Any CPU
	EndGlobalSection
	GlobalSection(ProjectConfigurationPlatforms) = postSolution
		{DB0E2017-BEBC-4C26-AD51-1D5F46A6CC2C}.Debug|Any CPU.ActiveCfg = Debug|Any CPU
		{DB0E2017-BEBC-4C26-AD51-1D5F46A6CC2C}.Debug|Any CPU.Build.0 = Debug|Any CPU
		{DB0E2017-BEBC-4C26-AD51-1D5F46A6CC2C}.Release|Any CPU.ActiveCfg = Release|Any CPU
		{DB0E2017-BEBC-4C26-AD51-1D5F46A6CC2C}.Release|Any CPU.Build.0 = Release|Any CPU
		{59A1FAD8-8EFB-42DB-A741-57F633E25182}.Debug|Any CPU.ActiveCfg = Debug|Any CPU
		{59A1FAD8-8EFB-42DB-A741-57F633E25182}.Debug|Any CPU.Build.0 = Debug|Any CPU
		{59A1FAD8-8EFB-42DB-A741-57F633E25182}.Release|Any CPU.ActiveCfg = Release|Any CPU
		{59A1FAD8-8EFB-42DB-A741-57F633E25182}.Release|Any CPU.Build.0 = Release|Any CPU
	EndGlobalSection
	GlobalSection(SolutionProperties) = preSolution
		HideSolutionNode = FALSE
	EndGlobalSection
EndGlobal
